{
  "name": "hedron",
  "version": "0.3.1",
  "lockfileVersion": 1,
  "requires": true,
  "dependencies": {
    "three-copyshader": {
      "version": "0.0.1",
      "resolved": "https://registry.npmjs.org/three-copyshader/-/three-copyshader-0.0.1.tgz",
      "integrity": "sha1-3fpsP1285ZYYfPv0zhtGx/vUVsA="
    },
    "three-effectcomposer": {
      "version": "0.0.1",
      "resolved": "https://registry.npmjs.org/three-effectcomposer/-/three-effectcomposer-0.0.1.tgz",
      "integrity": "sha1-CfQ4v8duUiqYXluIZ9a0B+3dHRI=",
      "requires": {
        "three-copyshader": "0.0.1"
      }
    }
  }
}
